# This file is generated by running "yarn install" inside your project.
# Manual changes might be lost - proceed with caution!

# M1-S1 TEST FIXTURE: hand-written lockfile for check:pin; checksums are fake and never installed.

__metadata:
  version: 8
  cacheKey: 10c0

"@joplin/fork-htmlparser2@npm:^4.1.64":
  version: 4.1.64
  resolution: "@joplin/fork-htmlparser2@npm:4.1.64"
  checksum: 10c0/929fb81a009f3c258b094331bec2a6c48815dff5cfdc2d7cc25eb9e6b4026cd44ac155a0c0771a51ba5adaf1960ad67f16903f448d0ed0abe5fb0d1cb4b19639
  languageName: node
  linkType: hard

"@joplin/fork-sax@npm:^1.2.68":
  version: 1.2.68
  resolution: "@joplin/fork-sax@npm:1.2.68"
  checksum: 10c0/ab37251ab7b6965daaf71a1172e3daf3ed371084b39e139437accda037964900a6116f42969b8d365e72d3a28e7d833c6ab50756a5b971015f372b4878e75198
  languageName: node
  linkType: hard

"@joplin/fork-uslug@npm:^2.0.7":
  version: 2.0.7
  resolution: "@joplin/fork-uslug@npm:2.0.7"
  checksum: 10c0/275b043fd98ababc82b9491cbcef83744346c683b33d9abf7ae9a20409417a9f8c67b1de05ff4d204bdd94d9279f685ed59f11d412d5d5f5f6e1751d00cb5982
  languageName: node
  linkType: hard

"@joplin/htmlpack@npm:^3.7.1":
  version: 3.7.1
  resolution: "@joplin/htmlpack@npm:3.7.1"
  dependencies:
    "@joplin/fork-htmlparser2": "npm:^4.1.64"
  checksum: 10c0/fcc23b741544f90ae234bbfccf6be102f21a119bc04bf56ce808fcbf19e5d8a3c34e16b73187ece8573784a00062f27722ee80c33fbbbf7d5b5d3f58b34c9fbb
  languageName: node
  linkType: hard

"@joplin/lib@npm:^3.7.1, @joplin/lib@npm:~3.7":
  version: 3.7.1
  resolution: "@joplin/lib@npm:3.7.1"
  dependencies:
    "@joplin/fork-htmlparser2": "npm:^4.1.64"
    "@joplin/fork-sax": "npm:^1.2.68"
    "@joplin/fork-uslug": "npm:^2.0.7"
    "@joplin/htmlpack": "npm:^3.7.1"
    "@joplin/onenote-converter": "npm:^3.7.1"
    "@joplin/renderer": "npm:^3.7.1"
    "@joplin/turndown": "npm:^4.0.86"
    "@joplin/turndown-plugin-gfm": "npm:^1.0.68"
    "@joplin/utils": "npm:^3.7.1"
    lodash: "npm:^4.17.21"
  checksum: 10c0/636bdf89231f88fc22ea7954b1b62ef11549927e81b16f0928222aee67c09f0419a43c459b9de32450951ad31ff23d5f34855beb1bf4e0454e7e482a110b06a5
  languageName: node
  linkType: hard

"@joplin/onenote-converter@npm:^3.7.1":
  version: 3.7.1
  resolution: "@joplin/onenote-converter@npm:3.7.1"
  checksum: 10c0/520100c42955f3d644e1427ecbe28ad6e9352da29f5c2c71cb7269bae67b0e81abab59fc2fa144960a8d7f1f17c31686ea14309c896690d868afe7b808989476
  languageName: node
  linkType: hard

"@joplin/renderer@npm:^3.7.1, @joplin/renderer@npm:~3.7":
  version: 3.7.1
  resolution: "@joplin/renderer@npm:3.7.1"
  dependencies:
    "@joplin/fork-htmlparser2": "npm:^4.1.64"
    "@joplin/utils": "npm:^3.7.1"
  checksum: 10c0/e9fb05109f6c55a8786be12a060f86702e5761b2443d4c2edbdeac636963e5fb3699dd39d1ce50a0c74aeff83161782b1cf3aa538bfa7b134ad6ddd9a5677718
  languageName: node
  linkType: hard

"@joplin/turndown-plugin-gfm@npm:^1.0.68":
  version: 1.0.68
  resolution: "@joplin/turndown-plugin-gfm@npm:1.0.68"
  checksum: 10c0/de46015e5622460bce55f955b85bb43b89603d3deb918dbbcd8f3a9fb5c8fd295dfd9302660e13699d8f3646bd4d914fcec9425da36493049651be409d0162cd
  languageName: node
  linkType: hard

"@joplin/turndown@npm:^4.0.86":
  version: 4.0.86
  resolution: "@joplin/turndown@npm:4.0.86"
  checksum: 10c0/58ddae3a125d0806749ec5db82786b2bb20a92bde28baba07bad670a6f9fa0fafb46245ef2012de012b56cad750d4d807bc6f6e6b7611fb17bca16ec66d700e2
  languageName: node
  linkType: hard

"@joplin/utils@npm:^3.7.1, @joplin/utils@npm:~3.7":
  version: 3.7.1
  resolution: "@joplin/utils@npm:3.7.1"
  dependencies:
    "@joplin/fork-htmlparser2": "npm:^4.1.64"
  checksum: 10c0/2cca68f5fff8a05f5a05241120da67cc5ddd4dd39df6352a04d3c52bb57929da68d163f0b96db91b9c726977adf383ed48fbd55bfe3b976a2e8163d99bc645ce
  languageName: node
  linkType: hard

"headless@workspace:packages/headless":
  version: 0.0.0-use.local
  resolution: "headless@workspace:packages/headless"
  dependencies:
    joplin: "npm:3.7.2"
  languageName: unknown
  linkType: soft

"joplin-turndown-plugin-gfm@npm:^1.0.12":
  version: 1.0.12
  resolution: "joplin-turndown-plugin-gfm@npm:1.0.12"
  checksum: 10c0/2e8d528bb7845317947972f03a96cb452ce96cae89cd6d33ce14243feb718ee996c84f8b74483ea880dea2cd01d2207e51713cd2ab602679f35b3122c7cef8d9
  languageName: node
  linkType: hard

"joplin@npm:3.7.2":
  version: 3.7.2
  resolution: "joplin@npm:3.7.2"
  dependencies:
    "@joplin/lib": "npm:~3.7"
    "@joplin/renderer": "npm:~3.7"
    "@joplin/utils": "npm:~3.7"
  checksum: 10c0/03b0d697522389ae5b7630b5cb0ee10612557d761fdc9e0007238f13891e66c9830cdf14a94d1445dbfd1cc892ee2a29fc815af9a73482fbaf46442b556903da
  languageName: node
  linkType: hard

"lodash@npm:^4.17.21":
  version: 4.17.21
  resolution: "lodash@npm:4.17.21"
  checksum: 10c0/7854bb64e7dbe558d1eed0689a1373e5983373b2ec24b47923ca5f11898fa94b9d0dfd504708015c8970f8b83be24e9c0b422a19d62db896ece0ecdfb911460d
  languageName: node
  linkType: hard

"notestead@workspace:.":
  version: 0.0.0-use.local
  resolution: "notestead@workspace:."
  languageName: unknown
  linkType: soft
